{
  "name": "msbjs",
  "lockfileVersion": 3,
  "requires": true,
  "packages": {
    "": {
      "dependencies": {
        "mbpalindrome": "^1.0.0"
      }
    },
    "node_modules/mbpalindrome": {
      "version": "1.0.0",
      "resolved": "https://registry.npmjs.org/mbpalindrome/-/mbpalindrome-1.0.0.tgz",
      "integrity": "sha512-PsiTjMRYDcUBLSegINTdB4+72xTDOTQki+BsGPXoeZPWuN6TndR7y1Nnofxnx6qGU4uWqPfBFYCwPImrtKmKqw=="
    }
  }
}
